
Microsoft Visual Studio Solution File, Format Version 12.00
# Visual Studio Version 17
VisualStudioVersion = 17.3.32929.385
MinimumVisualStudioVersion = 10.0.40219.1
Project("{FAE04EC0-301F-11D3-BF4B-00C04F79EFBC}") = "ЗИ лаба1", "ЗИ лаба1\ЗИ лаба1.csproj", "{F9A06E36-3689-40AC-9A39-E90B74AFA62B}"
EndProject
Global
	GlobalSection(SolutionConfigurationPlatforms) = preSolution
		Debug|Any CPU = Debug|Any CPU
		Release|Any CPU = Release|Any CPU
	EndGlobalSection
	GlobalSection(ProjectConfigurationPlatforms) = postSolution
		{F9A06E36-3689-40AC-9A39-E90B74AFA62B}.Debug|Any CPU.ActiveCfg = Debug|Any CPU
		{F9A06E36-3689-40AC-9A39-E90B74AFA62B}.Debug|Any CPU.Build.0 = Debug|Any CPU
		{F9A06E36-3689-40AC-9A39-E90B74AFA62B}.Release|Any CPU.ActiveCfg = Release|Any CPU
		{F9A06E36-3689-40AC-9A39-E90B74AFA62B}.Release|Any CPU.Build.0 = Release|Any CPU
	EndGlobalSection
	GlobalSection(SolutionProperties) = preSolution
		HideSolutionNode = FALSE
	EndGlobalSection
	GlobalSection(ExtensibilityGlobals) = postSolution
		SolutionGuid = {9A790BA4-A623-488F-AC59-FE54C7017481}
	EndGlobalSection
EndGlobal
